
Microsoft Visual Studio Solution File, Format Version 12.00
# Visual Studio Version 17
VisualStudioVersion = 17.5.33424.131
MinimumVisualStudioVersion = 10.0.40219.1
Project("{FAE04EC0-301F-11D3-BF4B-00C04F79EFBC}") = "HelloWorld", "HelloWorld\HelloWorld.csproj", "{DEA087BD-F40D-4F2E-9011-072A71616428}"
EndProject
Global
	GlobalSection(SolutionConfigurationPlatforms) = preSolution
		Debug|Any CPU = Debug|Any CPU
		Release|Any CPU = Release|Any CPU
	EndGlobalSection
	GlobalSection(ProjectConfigurationPlatforms) = postSolution
		{DEA087BD-F40D-4F2E-9011-072A71616428}.Debug|Any CPU.ActiveCfg = Debug|Any CPU
		{DEA087BD-F40D-4F2E-9011-072A71616428}.Debug|Any CPU.Build.0 = Debug|Any CPU
		{DEA087BD-F40D-4F2E-9011-072A71616428}.Release|Any CPU.ActiveCfg = Release|Any CPU
		{DEA087BD-F40D-4F2E-9011-072A71616428}.Release|Any CPU.Build.0 = Release|Any CPU
	EndGlobalSection
	GlobalSection(SolutionProperties) = preSolution
		HideSolutionNode = FALSE
	EndGlobalSection
	GlobalSection(ExtensibilityGlobals) = postSolution
		SolutionGuid = {C19203D0-8144-48B8-B420-10F97400B3F9}
	EndGlobalSection
EndGlobal
